
Microsoft Visual Studio Solution File, Format Version 12.00
# Visual Studio 15
VisualStudioVersion = 15.0.28307.329
MinimumVisualStudioVersion = 10.0.40219.1
Project("{FAE04EC0-301F-11D3-BF4B-00C04F79EFBC}") = "SqlServerDatabaseWrapper .NET Framework 3.5", "src\SqlServerDatabaseWrapper .NET Framework 3.5\SqlServerDatabaseWrapper .NET Framework 3.5.csproj", "{F6B1332D-CBA3-47D0-BA41-BC801AB2B6E0}"
EndProject
Project("{FAE04EC0-301F-11D3-BF4B-00C04F79EFBC}") = "SqlServerDatabaseWrapper .NET Framework 4.0", "src\SqlServerDatabaseWrapper .NET Framework 4.0\SqlServerDatabaseWrapper .NET Framework 4.0.csproj", "{E7A432B0-95B5-44C0-AAA4-8D613898C972}"
EndProject
Project("{FAE04EC0-301F-11D3-BF4B-00C04F79EFBC}") = "SqlServerDatabaseWrapper .NET Framework 4.5.1", "src\SqlServerDatabaseWrapper .NET Framework 4.5.1\SqlServerDatabaseWrapper .NET Framework 4.5.1.csproj", "{9B6CE942-5C49-4823-8389-5466AA6E2097}"
EndProject
Project("{9A19103F-16F7-4668-BE54-9A1E7A4F7556}") = "SqlServerDatabaseWrapper .NET Core 2.1", "src\SqlServerDatabaseWrapper .NET Core 2.1\SqlServerDatabaseWrapper .NET Core 2.1.csproj", "{60A860EA-2417-489A-A3B2-02C36249D3BF}"
EndProject
Project("{FAE04EC0-301F-11D3-BF4B-00C04F79EFBC}") = "ConsoleSimpleExample", "examples\ConsoleSimpleExample\ConsoleSimpleExample.csproj", "{941F9A70-A95B-4905-928A-4DDE94B67023}"
EndProject
Global
	GlobalSection(SolutionConfigurationPlatforms) = preSolution
		Debug|Any CPU = Debug|Any CPU
		Release|Any CPU = Release|Any CPU
	EndGlobalSection
	GlobalSection(ProjectConfigurationPlatforms) = postSolution
		{F6B1332D-CBA3-47D0-BA41-BC801AB2B6E0}.Debug|Any CPU.ActiveCfg = Debug|Any CPU
		{F6B1332D-CBA3-47D0-BA41-BC801AB2B6E0}.Debug|Any CPU.Build.0 = Debug|Any CPU
		{F6B1332D-CBA3-47D0-BA41-BC801AB2B6E0}.Release|Any CPU.ActiveCfg = Release|Any CPU
		{F6B1332D-CBA3-47D0-BA41-BC801AB2B6E0}.Release|Any CPU.Build.0 = Release|Any CPU
		{E7A432B0-95B5-44C0-AAA4-8D613898C972}.Debug|Any CPU.ActiveCfg = Debug|Any CPU
		{E7A432B0-95B5-44C0-AAA4-8D613898C972}.Debug|Any CPU.Build.0 = Debug|Any CPU
		{E7A432B0-95B5-44C0-AAA4-8D613898C972}.Release|Any CPU.ActiveCfg = Release|Any CPU
		{E7A432B0-95B5-44C0-AAA4-8D613898C972}.Release|Any CPU.Build.0 = Release|Any CPU
		{9B6CE942-5C49-4823-8389-5466AA6E2097}.Debug|Any CPU.ActiveCfg = Debug|Any CPU
		{9B6CE942-5C49-4823-8389-5466AA6E2097}.Debug|Any CPU.Build.0 = Debug|Any CPU
		{9B6CE942-5C49-4823-8389-5466AA6E2097}.Release|Any CPU.ActiveCfg = Release|Any CPU
		{9B6CE942-5C49-4823-8389-5466AA6E2097}.Release|Any CPU.Build.0 = Release|Any CPU
		{60A860EA-2417-489A-A3B2-02C36249D3BF}.Debug|Any CPU.ActiveCfg = Debug|Any CPU
		{60A860EA-2417-489A-A3B2-02C36249D3BF}.Debug|Any CPU.Build.0 = Debug|Any CPU
		{60A860EA-2417-489A-A3B2-02C36249D3BF}.Release|Any CPU.ActiveCfg = Release|Any CPU
		{60A860EA-2417-489A-A3B2-02C36249D3BF}.Release|Any CPU.Build.0 = Release|Any CPU
		{941F9A70-A95B-4905-928A-4DDE94B67023}.Debug|Any CPU.ActiveCfg = Debug|Any CPU
		{941F9A70-A95B-4905-928A-4DDE94B67023}.Debug|Any CPU.Build.0 = Debug|Any CPU
		{941F9A70-A95B-4905-928A-4DDE94B67023}.Release|Any CPU.ActiveCfg = Release|Any CPU
		{941F9A70-A95B-4905-928A-4DDE94B67023}.Release|Any CPU.Build.0 = Release|Any CPU
	EndGlobalSection
	GlobalSection(SolutionProperties) = preSolution
		HideSolutionNode = FALSE
	EndGlobalSection
	GlobalSection(ExtensibilityGlobals) = postSolution
		SolutionGuid = {74E4E51B-DC33-4648-B1E6-28B8F800A24E}
	EndGlobalSection
EndGlobal
